
Microsoft Visual Studio Solution File, Format Version 12.00
# Visual Studio Version 17
VisualStudioVersion = 17.4.33122.133
MinimumVisualStudioVersion = 10.0.40219.1
Project("{FAE04EC0-301F-11D3-BF4B-00C04F79EFBC}") = "MagicVilla-WebAPI-Endpoint", "MagicVilla-WebAPI-Endpoint\MagicVilla-WebAPI-Endpoint.csproj", "{2483C5AA-9331-4822-8DCE-D5780936548A}"
EndProject
Global
	GlobalSection(SolutionConfigurationPlatforms) = preSolution
		Debug|Any CPU = Debug|Any CPU
		Release|Any CPU = Release|Any CPU
	EndGlobalSection
	GlobalSection(ProjectConfigurationPlatforms) = postSolution
		{2483C5AA-9331-4822-8DCE-D5780936548A}.Debug|Any CPU.ActiveCfg = Debug|Any CPU
		{2483C5AA-9331-4822-8DCE-D5780936548A}.Debug|Any CPU.Build.0 = Debug|Any CPU
		{2483C5AA-9331-4822-8DCE-D5780936548A}.Release|Any CPU.ActiveCfg = Release|Any CPU
		{2483C5AA-9331-4822-8DCE-D5780936548A}.Release|Any CPU.Build.0 = Release|Any CPU
	EndGlobalSection
	GlobalSection(SolutionProperties) = preSolution
		HideSolutionNode = FALSE
	EndGlobalSection
	GlobalSection(ExtensibilityGlobals) = postSolution
		SolutionGuid = {66398001-9A1D-4379-AAB8-E54D696CDB21}
	EndGlobalSection
EndGlobal
